{
  "name": "commerceai",
  "version": "0.0.1",
  "lockfileVersion": 3,
  "requires": true,
  "packages": {
    "": {
      "name": "commerceai",
      "version": "0.0.1",
      "dependencies": {
        "gsap": "3.13.0",
        "ngx-papaparse": "8.0.0",
        "tslib": "^2.3.0"
      },
      "peerDependencies": {
        "@angular/animations": "^20.0.0",
        "@angular/cdk": "^20.0.0",
        "@angular/common": "^20.0.0",
        "@angular/core": "^20.0.0",
        "@angular/material": "20.0.1",
        "ngx-csv-parser": "10.8.2",
        "ngx-markdown": "19.1.1"
      }
    },
    "node_modules/gsap": {
      "version": "3.13.0",
      "resolved": "https://registry.npmjs.org/gsap/-/gsap-3.13.0.tgz",
      "integrity": "sha512-QL7MJ2WMjm1PHWsoFrAQH/J8wUeqZvMtHO58qdekHpCfhvhSL4gSiz6vJf5EeMP0LOn3ZCprL2ki/gjED8ghVw==",
      "license": "Standard 'no charge' license: https://gsap.com/standard-license."
    },
    "node_modules/ngx-papaparse": {
      "version": "8.0.0",
      "resolved": "https://registry.npmjs.org/ngx-papaparse/-/ngx-papaparse-8.0.0.tgz",
      "integrity": "sha512-LPQilHmH+VRhiAMcORG7qRWsO7aB/zi/KSc6CORyeqGgRQOIx55DTc8icn7GkH6HoKxl94l9HeHIgo7zTKLg0g==",
      "license": "MIT",
      "dependencies": {
        "papaparse": "^5.4.1",
        "tslib": "^2.6.1"
      }
    },
    "node_modules/papaparse": {
      "version": "5.5.3",
      "resolved": "https://registry.npmjs.org/papaparse/-/papaparse-5.5.3.tgz",
      "integrity": "sha512-5QvjGxYVjxO59MGU2lHVYpRWBBtKHnlIAcSe1uNFCkkptUh63NFRj0FJQm7nR67puEruUci/ZkjmEFrjCAyP4A==",
      "license": "MIT"
    },
    "node_modules/tslib": {
      "version": "2.8.1",
      "resolved": "https://registry.npmjs.org/tslib/-/tslib-2.8.1.tgz",
      "integrity": "sha512-oJFu94HQb+KVduSUQL7wnpmqnfmLsOA/nAh6b6EH0wCEoK0/mPeXU6c3wKDV83MkOuHPRHtSXKKU99IBazS/2w==",
      "license": "0BSD"
    }
  }
}
